// !$*UTF8*$!
{
	archiveVersion = 1;
	classes = {
	};
	objectVersion = 46;
	objects = {

/* Begin PBXBuildFile section */
		123AA1B319A523FF00A16101 /* blank_poster.jpg in Resources */ = {isa = PBXBuildFile; fileRef = 123AA1B219A523FF00A16101 /* blank_poster.jpg */; };
		123F3DC719A26D8600441B9C /* Cocoa.framework in Frameworks */ = {isa = PBXBuildFile; fileRef = 123F3DC619A26D8600441B9C /* Cocoa.framework */; };
		123F3DD119A26D8600441B9C /* InfoPlist.strings in Resources */ = {isa = PBXBuildFile; fileRef = 123F3DCF19A26D8600441B9C /* InfoPlist.strings */; };
		123F3DD319A26D8600441B9C /* main.m in Sources */ = {isa = PBXBuildFile; fileRef = 123F3DD219A26D8600441B9C /* main.m */; };
		123F3DD719A26D8600441B9C /* Credits.rtf in Resources */ = {isa = PBXBuildFile; fileRef = 123F3DD519A26D8600441B9C /* Credits.rtf */; };
		123F3DDA19A26D8600441B9C /* JBFAppDelegate.m in Sources */ = {isa = PBXBuildFile; fileRef = 123F3DD919A26D8600441B9C /* JBFAppDelegate.m */; };
		123F3DDD19A26D8600441B9C /* MainMenu.xib in Resources */ = {isa = PBXBuildFile; fileRef = 123F3DDB19A26D8600441B9C /* MainMenu.xib */; };
		123F3DDF19A26D8600441B9C /* Images.xcassets in Resources */ = {isa = PBXBuildFile; fileRef = 123F3DDE19A26D8600441B9C /* Images.xcassets */; };
		123F3DE619A26D8600441B9C /* XCTest.framework in Frameworks */ = {isa = PBXBuildFile; fileRef = 123F3DE519A26D8600441B9C /* XCTest.framework */; };
		123F3DE719A26D8600441B9C /* Cocoa.framework in Frameworks */ = {isa = PBXBuildFile; fileRef = 123F3DC619A26D8600441B9C /* Cocoa.framework */; };
		123F3DEF19A26D8600441B9C /* InfoPlist.strings in Resources */ = {isa = PBXBuildFile; fileRef = 123F3DED19A26D8600441B9C /* InfoPlist.strings */; };
		123F3DF119A26D8600441B9C /* MoviePlexTests.m in Sources */ = {isa = PBXBuildFile; fileRef = 123F3DF019A26D8600441B9C /* MoviePlexTests.m */; };
		123F3DFD19A277E000441B9C /* JBFWindowController.m in Sources */ = {isa = PBXBuildFile; fileRef = 123F3DFB19A277E000441B9C /* JBFWindowController.m */; };
		123F3DFE19A277E000441B9C /* JBFWindowController.xib in Resources */ = {isa = PBXBuildFile; fileRef = 123F3DFC19A277E000441B9C /* JBFWindowController.xib */; };
		123F3E0719A2786300441B9C /* JBFMovieSearchListingViewController.m in Sources */ = {isa = PBXBuildFile; fileRef = 123F3E0519A2786300441B9C /* JBFMovieSearchListingViewController.m */; };
		123F3E0819A2786300441B9C /* JBFMovieSearchListingViewController.xib in Resources */ = {isa = PBXBuildFile; fileRef = 123F3E0619A2786300441B9C /* JBFMovieSearchListingViewController.xib */; };
		123F3E1019A27B6100441B9C /* JBFRottenTomatoesMovieSearch.m in Sources */ = {isa = PBXBuildFile; fileRef = 123F3E0F19A27B6100441B9C /* JBFRottenTomatoesMovieSearch.m */; };
		123F3E1319A27B7A00441B9C /* JBFMovie.m in Sources */ = {isa = PBXBuildFile; fileRef = 123F3E1219A27B7A00441B9C /* JBFMovie.m */; };
		123F3E1A19A3C26300441B9C /* JBFMovieSearchResult.m in Sources */ = {isa = PBXBuildFile; fileRef = 123F3E1919A3C26300441B9C /* JBFMovieSearchResult.m */; };
		123F3E1D19A3C33D00441B9C /* JBFJSON2MovieParser.m in Sources */ = {isa = PBXBuildFile; fileRef = 123F3E1C19A3C33D00441B9C /* JBFJSON2MovieParser.m */; };
		123F3E2019A40EB500441B9C /* JBFMovieTableCellView.m in Sources */ = {isa = PBXBuildFile; fileRef = 123F3E1F19A40EB500441B9C /* JBFMovieTableCellView.m */; };
		12533FDE1C65C4C000E471F4 /* movieplex.png in Resources */ = {isa = PBXBuildFile; fileRef = 12533FDD1C65C4C000E471F4 /* movieplex.png */; };
/* End PBXBuildFile section */

/* Begin PBXContainerItemProxy section */
		123F3DE819A26D8600441B9C /* PBXContainerItemProxy */ = {
			isa = PBXContainerItemProxy;
			containerPortal = 123F3DBB19A26D8600441B9C /* Project object */;
			proxyType = 1;
			remoteGlobalIDString = 123F3DC219A26D8600441B9C;
			remoteInfo = HW6_Jfry;
		};
/* End PBXContainerItemProxy section */

/* Begin PBXFileReference section */
		123AA1B219A523FF00A16101 /* blank_poster.jpg */ = {isa = PBXFileReference; lastKnownFileType = image.jpeg; path = blank_poster.jpg; sourceTree = SOURCE_ROOT; };
		123F3DC319A26D8600441B9C /* MoviePlex.app */ = {isa = PBXFileReference; explicitFileType = wrapper.application; includeInIndex = 0; path = MoviePlex.app; sourceTree = BUILT_PRODUCTS_DIR; };
		123F3DC619A26D8600441B9C /* Cocoa.framework */ = {isa = PBXFileReference; lastKnownFileType = wrapper.framework; name = Cocoa.framework; path = System/Library/Frameworks/Cocoa.framework; sourceTree = SDKROOT; };
		123F3DC919A26D8600441B9C /* AppKit.framework */ = {isa = PBXFileReference; lastKnownFileType = wrapper.framework; name = AppKit.framework; path = System/Library/Frameworks/AppKit.framework; sourceTree = SDKROOT; };
		123F3DCA19A26D8600441B9C /* CoreData.framework */ = {isa = PBXFileReference; lastKnownFileType = wrapper.framework; name = CoreData.framework; path = System/Library/Frameworks/CoreData.framework; sourceTree = SDKROOT; };
		123F3DCB19A26D8600441B9C /* Foundation.framework */ = {isa = PBXFileReference; lastKnownFileType = wrapper.framework; name = Foundation.framework; path = System/Library/Frameworks/Foundation.framework; sourceTree = SDKROOT; };
		123F3DCE19A26D8600441B9C /* MoviePlex-Info.plist */ = {isa = PBXFileReference; lastKnownFileType = text.plist.xml; path = "MoviePlex-Info.plist"; sourceTree = "<group>"; };
		123F3DD019A26D8600441B9C /* en */ = {isa = PBXFileReference; lastKnownFileType = text.plist.strings; name = en; path = en.lproj/InfoPlist.strings; sourceTree = "<group>"; };
		123F3DD219A26D8600441B9C /* main.m */ = {isa = PBXFileReference; lastKnownFileType = sourcecode.c.objc; path = main.m; sourceTree = "<group>"; };
		123F3DD419A26D8600441B9C /* MoviePlex-Prefix.pch */ = {isa = PBXFileReference; lastKnownFileType = sourcecode.c.h; path = "MoviePlex-Prefix.pch"; sourceTree = "<group>"; };
		123F3DD619A26D8600441B9C /* en */ = {isa = PBXFileReference; lastKnownFileType = text.rtf; name = en; path = en.lproj/Credits.rtf; sourceTree = "<group>"; };
		123F3DD819A26D8600441B9C /* JBFAppDelegate.h */ = {isa = PBXFileReference; lastKnownFileType = sourcecode.c.h; path = JBFAppDelegate.h; sourceTree = "<group>"; };
		123F3DD919A26D8600441B9C /* JBFAppDelegate.m */ = {isa = PBXFileReference; lastKnownFileType = sourcecode.c.objc; path = JBFAppDelegate.m; sourceTree = "<group>"; };
		123F3DDC19A26D8600441B9C /* Base */ = {isa = PBXFileReference; lastKnownFileType = file.xib; name = Base; path = Base.lproj/MainMenu.xib; sourceTree = "<group>"; };
		123F3DDE19A26D8600441B9C /* Images.xcassets */ = {isa = PBXFileReference; lastKnownFileType = folder.assetcatalog; path = Images.xcassets; sourceTree = "<group>"; };
		123F3DE419A26D8600441B9C /* MoviePlex.xctest */ = {isa = PBXFileReference; explicitFileType = wrapper.cfbundle; includeInIndex = 0; path = MoviePlex.xctest; sourceTree = BUILT_PRODUCTS_DIR; };
		123F3DE519A26D8600441B9C /* XCTest.framework */ = {isa = PBXFileReference; lastKnownFileType = wrapper.framework; name = XCTest.framework; path = Library/Frameworks/XCTest.framework; sourceTree = DEVELOPER_DIR; };
		123F3DEC19A26D8600441B9C /* MoviePlexTests-Info.plist */ = {isa = PBXFileReference; lastKnownFileType = text.plist.xml; path = "MoviePlexTests-Info.plist"; sourceTree = "<group>"; };
		123F3DEE19A26D8600441B9C /* en */ = {isa = PBXFileReference; lastKnownFileType = text.plist.strings; name = en; path = en.lproj/InfoPlist.strings; sourceTree = "<group>"; };
		123F3DF019A26D8600441B9C /* MoviePlexTests.m */ = {isa = PBXFileReference; lastKnownFileType = sourcecode.c.objc; path = MoviePlexTests.m; sourceTree = "<group>"; };
		123F3DFA19A277E000441B9C /* JBFWindowController.h */ = {isa = PBXFileReference; fileEncoding = 4; lastKnownFileType = sourcecode.c.h; name = JBFWindowController.h; path = ../JBFWindowController.h; sourceTree = "<group>"; };
		123F3DFB19A277E000441B9C /* JBFWindowController.m */ = {isa = PBXFileReference; fileEncoding = 4; lastKnownFileType = sourcecode.c.objc; name = JBFWindowController.m; path = ../JBFWindowController.m; sourceTree = "<group>"; };
		123F3DFC19A277E000441B9C /* JBFWindowController.xib */ = {isa = PBXFileReference; fileEncoding = 4; lastKnownFileType = file.xib; name = JBFWindowController.xib; path = ../JBFWindowController.xib; sourceTree = "<group>"; };
		123F3E0419A2786300441B9C /* JBFMovieSearchListingViewController.h */ = {isa = PBXFileReference; fileEncoding = 4; lastKnownFileType = sourcecode.c.h; path = JBFMovieSearchListingViewController.h; sourceTree = "<group>"; };
		123F3E0519A2786300441B9C /* JBFMovieSearchListingViewController.m */ = {isa = PBXFileReference; fileEncoding = 4; lastKnownFileType = sourcecode.c.objc; path = JBFMovieSearchListingViewController.m; sourceTree = "<group>"; };
		123F3E0619A2786300441B9C /* JBFMovieSearchListingViewController.xib */ = {isa = PBXFileReference; fileEncoding = 4; lastKnownFileType = file.xib; path = JBFMovieSearchListingViewController.xib; sourceTree = "<group>"; };
		123F3E0E19A27B6100441B9C /* JBFRottenTomatoesMovieSearch.h */ = {isa = PBXFileReference; fileEncoding = 4; lastKnownFileType = sourcecode.c.h; path = JBFRottenTomatoesMovieSearch.h; sourceTree = "<group>"; };
		123F3E0F19A27B6100441B9C /* JBFRottenTomatoesMovieSearch.m */ = {isa = PBXFileReference; fileEncoding = 4; lastKnownFileType = sourcecode.c.objc; path = JBFRottenTomatoesMovieSearch.m; sourceTree = "<group>"; };
		123F3E1119A27B7A00441B9C /* JBFMovie.h */ = {isa = PBXFileReference; fileEncoding = 4; lastKnownFileType = sourcecode.c.h; path = JBFMovie.h; sourceTree = "<group>"; };
		123F3E1219A27B7A00441B9C /* JBFMovie.m */ = {isa = PBXFileReference; fileEncoding = 4; lastKnownFileType = sourcecode.c.objc; path = JBFMovie.m; sourceTree = "<group>"; };
		123F3E1819A3C26300441B9C /* JBFMovieSearchResult.h */ = {isa = PBXFileReference; fileEncoding = 4; lastKnownFileType = sourcecode.c.h; path = JBFMovieSearchResult.h; sourceTree = "<group>"; };
		123F3E1919A3C26300441B9C /* JBFMovieSearchResult.m */ = {isa = PBXFileReference; fileEncoding = 4; lastKnownFileType = sourcecode.c.objc; path = JBFMovieSearchResult.m; sourceTree = "<group>"; };
		123F3E1B19A3C33D00441B9C /* JBFJSON2MovieParser.h */ = {isa = PBXFileReference; fileEncoding = 4; lastKnownFileType = sourcecode.c.h; path = JBFJSON2MovieParser.h; sourceTree = "<group>"; };
		123F3E1C19A3C33D00441B9C /* JBFJSON2MovieParser.m */ = {isa = PBXFileReference; fileEncoding = 4; lastKnownFileType = sourcecode.c.objc; path = JBFJSON2MovieParser.m; sourceTree = "<group>"; };
		123F3E1E19A40EB500441B9C /* JBFMovieTableCellView.h */ = {isa = PBXFileReference; fileEncoding = 4; lastKnownFileType = sourcecode.c.h; path = JBFMovieTableCellView.h; sourceTree = "<group>"; };
		123F3E1F19A40EB500441B9C /* JBFMovieTableCellView.m */ = {isa = PBXFileReference; fileEncoding = 4; lastKnownFileType = sourcecode.c.objc; path = JBFMovieTableCellView.m; sourceTree = "<group>"; };
		12533FDD1C65C4C000E471F4 /* movieplex.png */ = {isa = PBXFileReference; lastKnownFileType = image.png; path = movieplex.png; sourceTree = "<group>"; };
/* End PBXFileReference section */

/* Begin PBXFrameworksBuildPhase section */
		123F3DC019A26D8600441B9C /* Frameworks */ = {
			isa = PBXFrameworksBuildPhase;
			buildActionMask = 2147483647;
			files = (
				123F3DC719A26D8600441B9C /* Cocoa.framework in Frameworks */,
			);
			runOnlyForDeploymentPostprocessing = 0;
		};
		123F3DE119A26D8600441B9C /* Frameworks */ = {
			isa = PBXFrameworksBuildPhase;
			buildActionMask = 2147483647;
			files = (
				123F3DE719A26D8600441B9C /* Cocoa.framework in Frameworks */,
				123F3DE619A26D8600441B9C /* XCTest.framework in Frameworks */,
			);
			runOnlyForDeploymentPostprocessing = 0;
		};
/* End PBXFrameworksBuildPhase section */

/* Begin PBXGroup section */
		123F3DBA19A26D8600441B9C = {
			isa = PBXGroup;
			children = (
				123F3DCC19A26D8600441B9C /* MoviePlex */,
				123F3DEA19A26D8600441B9C /* MoviePlexTests */,
				123F3DC519A26D8600441B9C /* Frameworks */,
				123F3DC419A26D8600441B9C /* Products */,
			);
			sourceTree = "<group>";
		};
		123F3DC419A26D8600441B9C /* Products */ = {
			isa = PBXGroup;
			children = (
				123F3DC319A26D8600441B9C /* MoviePlex.app */,
				123F3DE419A26D8600441B9C /* MoviePlex.xctest */,
			);
			name = Products;
			sourceTree = "<group>";
		};
		123F3DC519A26D8600441B9C /* Frameworks */ = {
			isa = PBXGroup;
			children = (
				123F3DC619A26D8600441B9C /* Cocoa.framework */,
				123F3DE519A26D8600441B9C /* XCTest.framework */,
				123F3DC819A26D8600441B9C /* Other Frameworks */,
			);
			name = Frameworks;
			sourceTree = "<group>";
		};
		123F3DC819A26D8600441B9C /* Other Frameworks */ = {
			isa = PBXGroup;
			children = (
				123F3DC919A26D8600441B9C /* AppKit.framework */,
				123F3DCA19A26D8600441B9C /* CoreData.framework */,
				123F3DCB19A26D8600441B9C /* Foundation.framework */,
			);
			name = "Other Frameworks";
			sourceTree = "<group>";
		};
		123F3DCC19A26D8600441B9C /* MoviePlex */ = {
			isa = PBXGroup;
			children = (
				12533FDD1C65C4C000E471F4 /* movieplex.png */,
				123AA1B219A523FF00A16101 /* blank_poster.jpg */,
				123F3DD819A26D8600441B9C /* JBFAppDelegate.h */,
				123F3DD919A26D8600441B9C /* JBFAppDelegate.m */,
				123F3DDB19A26D8600441B9C /* MainMenu.xib */,
				123F3DDE19A26D8600441B9C /* Images.xcassets */,
				123F3E0A19A2789B00441B9C /* WindowControllers */,
				123F3E0919A2789000441B9C /* ViewControllers */,
				123F3DCD19A26D8600441B9C /* Supporting Files */,
				123F3E0E19A27B6100441B9C /* JBFRottenTomatoesMovieSearch.h */,
				123F3E0F19A27B6100441B9C /* JBFRottenTomatoesMovieSearch.m */,
				123F3E1119A27B7A00441B9C /* JBFMovie.h */,
				123F3E1219A27B7A00441B9C /* JBFMovie.m */,
				123F3E1B19A3C33D00441B9C /* JBFJSON2MovieParser.h */,
				123F3E1C19A3C33D00441B9C /* JBFJSON2MovieParser.m */,
				123F3E1819A3C26300441B9C /* JBFMovieSearchResult.h */,
				123F3E1919A3C26300441B9C /* JBFMovieSearchResult.m */,
			);
			path = MoviePlex;
			sourceTree = "<group>";
		};
		123F3DCD19A26D8600441B9C /* Supporting Files */ = {
			isa = PBXGroup;
			children = (
				123F3DCE19A26D8600441B9C /* MoviePlex-Info.plist */,
				123F3DCF19A26D8600441B9C /* InfoPlist.strings */,
				123F3DD219A26D8600441B9C /* main.m */,
				123F3DD419A26D8600441B9C /* MoviePlex-Prefix.pch */,
				123F3DD519A26D8600441B9C /* Credits.rtf */,
			);
			name = "Supporting Files";
			sourceTree = "<group>";
		};
		123F3DEA19A26D8600441B9C /* MoviePlexTests */ = {
			isa = PBXGroup;
			children = (
				123F3DF019A26D8600441B9C /* MoviePlexTests.m */,
				123F3DEB19A26D8600441B9C /* Supporting Files */,
			);
			path = MoviePlexTests;
			sourceTree = "<group>";
		};
		123F3DEB19A26D8600441B9C /* Supporting Files */ = {
			isa = PBXGroup;
			children = (
				123F3DEC19A26D8600441B9C /* MoviePlexTests-Info.plist */,
				123F3DED19A26D8600441B9C /* InfoPlist.strings */,
			);
			name = "Supporting Files";
			sourceTree = "<group>";
		};
		123F3E0919A2789000441B9C /* ViewControllers */ = {
			isa = PBXGroup;
			children = (
				123F3E0419A2786300441B9C /* JBFMovieSearchListingViewController.h */,
				123F3E0519A2786300441B9C /* JBFMovieSearchListingViewController.m */,
				123F3E0619A2786300441B9C /* JBFMovieSearchListingViewController.xib */,
				123F3E1E19A40EB500441B9C /* JBFMovieTableCellView.h */,
				123F3E1F19A40EB500441B9C /* JBFMovieTableCellView.m */,
			);
			name = ViewControllers;
			sourceTree = "<group>";
		};
		123F3E0A19A2789B00441B9C /* WindowControllers */ = {
			isa = PBXGroup;
			children = (
				123F3DFA19A277E000441B9C /* JBFWindowController.h */,
				123F3DFB19A277E000441B9C /* JBFWindowController.m */,
				123F3DFC19A277E000441B9C /* JBFWindowController.xib */,
			);
			name = WindowControllers;
			sourceTree = "<group>";
		};
/* End PBXGroup section */

/* Begin PBXNativeTarget section */
		123F3DC219A26D8600441B9C /* MoviePlex */ = {
			isa = PBXNativeTarget;
			buildConfigurationList = 123F3DF419A26D8600441B9C /* Build configuration list for PBXNativeTarget "MoviePlex" */;
			buildPhases = (
				123F3DBF19A26D8600441B9C /* Sources */,
				123F3DC019A26D8600441B9C /* Frameworks */,
				123F3DC119A26D8600441B9C /* Resources */,
			);
			buildRules = (
			);
			dependencies = (
			);
			name = MoviePlex;
			productName = HW6_Jfry;
			productReference = 123F3DC319A26D8600441B9C /* MoviePlex.app */;
			productType = "com.apple.product-type.application";
		};
		123F3DE319A26D8600441B9C /* MoviePlexTests */ = {
			isa = PBXNativeTarget;
			buildConfigurationList = 123F3DF719A26D8600441B9C /* Build configuration list for PBXNativeTarget "MoviePlexTests" */;
			buildPhases = (
				123F3DE019A26D8600441B9C /* Sources */,
				123F3DE119A26D8600441B9C /* Frameworks */,
				123F3DE219A26D8600441B9C /* Resources */,
			);
			buildRules = (
			);
			dependencies = (
				123F3DE919A26D8600441B9C /* PBXTargetDependency */,
			);
			name = MoviePlexTests;
			productName = HW6_JfryTests;
			productReference = 123F3DE419A26D8600441B9C /* MoviePlex.xctest */;
			productType = "com.apple.product-type.bundle.unit-test";
		};
/* End PBXNativeTarget section */

/* Begin PBXProject section */
		123F3DBB19A26D8600441B9C /* Project object */ = {
			isa = PBXProject;
			attributes = {
				CLASSPREFIX = JBF;
				LastUpgradeCheck = 0720;
				ORGANIZATIONNAME = Jeff_Fry;
				TargetAttributes = {
					123F3DE319A26D8600441B9C = {
						TestTargetID = 123F3DC219A26D8600441B9C;
					};
				};
			};
			buildConfigurationList = 123F3DBE19A26D8600441B9C /* Build configuration list for PBXProject "MoviePlex" */;
			compatibilityVersion = "Xcode 3.2";
			developmentRegion = English;
			hasScannedForEncodings = 0;
			knownRegions = (
				en,
				Base,
			);
			mainGroup = 123F3DBA19A26D8600441B9C;
			productRefGroup = 123F3DC419A26D8600441B9C /* Products */;
			projectDirPath = "";
			projectRoot = "";
			targets = (
				123F3DC219A26D8600441B9C /* MoviePlex */,
				123F3DE319A26D8600441B9C /* MoviePlexTests */,
			);
		};
/* End PBXProject section */

/* Begin PBXResourcesBuildPhase section */
		123F3DC119A26D8600441B9C /* Resources */ = {
			isa = PBXResourcesBuildPhase;
			buildActionMask = 2147483647;
			files = (
				123F3DD119A26D8600441B9C /* InfoPlist.strings in Resources */,
				12533FDE1C65C4C000E471F4 /* movieplex.png in Resources */,
				123F3E0819A2786300441B9C /* JBFMovieSearchListingViewController.xib in Resources */,
				123AA1B319A523FF00A16101 /* blank_poster.jpg in Resources */,
				123F3DDF19A26D8600441B9C /* Images.xcassets in Resources */,
				123F3DD719A26D8600441B9C /* Credits.rtf in Resources */,
				123F3DFE19A277E000441B9C /* JBFWindowController.xib in Resources */,
				123F3DDD19A26D8600441B9C /* MainMenu.xib in Resources */,
			);
			runOnlyForDeploymentPostprocessing = 0;
		};
		123F3DE219A26D8600441B9C /* Resources */ = {
			isa = PBXResourcesBuildPhase;
			buildActionMask = 2147483647;
			files = (
				123F3DEF19A26D8600441B9C /* InfoPlist.strings in Resources */,
			);
			runOnlyForDeploymentPostprocessing = 0;
		};
/* End PBXResourcesBuildPhase section */

/* Begin PBXSourcesBuildPhase section */
		123F3DBF19A26D8600441B9C /* Sources */ = {
			isa = PBXSourcesBuildPhase;
			buildActionMask = 2147483647;
			files = (
				123F3DFD19A277E000441B9C /* JBFWindowController.m in Sources */,
				123F3E2019A40EB500441B9C /* JBFMovieTableCellView.m in Sources */,
				123F3E1319A27B7A00441B9C /* JBFMovie.m in Sources */,
				123F3E1A19A3C26300441B9C /* JBFMovieSearchResult.m in Sources */,
				123F3E1D19A3C33D00441B9C /* JBFJSON2MovieParser.m in Sources */,
				123F3E0719A2786300441B9C /* JBFMovieSearchListingViewController.m in Sources */,
				123F3E1019A27B6100441B9C /* JBFRottenTomatoesMovieSearch.m in Sources */,
				123F3DD319A26D8600441B9C /* main.m in Sources */,
				123F3DDA19A26D8600441B9C /* JBFAppDelegate.m in Sources */,
			);
			runOnlyForDeploymentPostprocessing = 0;
		};
		123F3DE019A26D8600441B9C /* Sources */ = {
			isa = PBXSourcesBuildPhase;
			buildActionMask = 2147483647;
			files = (
				123F3DF119A26D8600441B9C /* MoviePlexTests.m in Sources */,
			);
			runOnlyForDeploymentPostprocessing = 0;
		};
/* End PBXSourcesBuildPhase section */

/* Begin PBXTargetDependency section */
		123F3DE919A26D8600441B9C /* PBXTargetDependency */ = {
			isa = PBXTargetDependency;
			target = 123F3DC219A26D8600441B9C /* MoviePlex */;
			targetProxy = 123F3DE819A26D8600441B9C /* PBXContainerItemProxy */;
		};
/* End PBXTargetDependency section */

/* Begin PBXVariantGroup section */
		123F3DCF19A26D8600441B9C /* InfoPlist.strings */ = {
			isa = PBXVariantGroup;
			children = (
				123F3DD019A26D8600441B9C /* en */,
			);
			name = InfoPlist.strings;
			sourceTree = "<group>";
		};
		123F3DD519A26D8600441B9C /* Credits.rtf */ = {
			isa = PBXVariantGroup;
			children = (
				123F3DD619A26D8600441B9C /* en */,
			);
			name = Credits.rtf;
			sourceTree = "<group>";
		};
		123F3DDB19A26D8600441B9C /* MainMenu.xib */ = {
			isa = PBXVariantGroup;
			children = (
				123F3DDC19A26D8600441B9C /* Base */,
			);
			name = MainMenu.xib;
			sourceTree = "<group>";
		};
		123F3DED19A26D8600441B9C /* InfoPlist.strings */ = {
			isa = PBXVariantGroup;
			children = (
				123F3DEE19A26D8600441B9C /* en */,
			);
			name = InfoPlist.strings;
			sourceTree = "<group>";
		};
/* End PBXVariantGroup section */

/* Begin XCBuildConfiguration section */
		123F3DF219A26D8600441B9C /* Debug */ = {
			isa = XCBuildConfiguration;
			buildSettings = {
				ALWAYS_SEARCH_USER_PATHS = NO;
				CLANG_CXX_LANGUAGE_STANDARD = "gnu++0x";
				CLANG_CXX_LIBRARY = "libc++";
				CLANG_ENABLE_MODULES = YES;
				CLANG_ENABLE_OBJC_ARC = YES;
				CLANG_WARN_BOOL_CONVERSION = YES;
				CLANG_WARN_CONSTANT_CONVERSION = YES;
				CLANG_WARN_DIRECT_OBJC_ISA_USAGE = YES_ERROR;
				CLANG_WARN_EMPTY_BODY = YES;
				CLANG_WARN_ENUM_CONVERSION = YES;
				CLANG_WARN_INT_CONVERSION = YES;
				CLANG_WARN_OBJC_ROOT_CLASS = YES_ERROR;
				CLANG_WARN__DUPLICATE_METHOD_MATCH = YES;
				COPY_PHASE_STRIP = NO;
				ENABLE_TESTABILITY = YES;
				GCC_C_LANGUAGE_STANDARD = gnu99;
				GCC_DYNAMIC_NO_PIC = NO;
				GCC_ENABLE_OBJC_EXCEPTIONS = YES;
				GCC_OPTIMIZATION_LEVEL = 0;
				GCC_PREPROCESSOR_DEFINITIONS = (
					"DEBUG=1",
					"$(inherited)",
				);
				GCC_SYMBOLS_PRIVATE_EXTERN = NO;
				GCC_WARN_64_TO_32_BIT_CONVERSION = YES;
				GCC_WARN_ABOUT_RETURN_TYPE = YES_ERROR;
				GCC_WARN_UNDECLARED_SELECTOR = YES;
				GCC_WARN_UNINITIALIZED_AUTOS = YES_AGGRESSIVE;
				GCC_WARN_UNUSED_FUNCTION = YES;
				GCC_WARN_UNUSED_VARIABLE = YES;
				MACOSX_DEPLOYMENT_TARGET = 10.9;
				ONLY_ACTIVE_ARCH = YES;
				SDKROOT = macosx;
			};
			name = Debug;
		};
		123F3DF319A26D8600441B9C /* Release */ = {
			isa = XCBuildConfiguration;
			buildSettings = {
				ALWAYS_SEARCH_USER_PATHS = NO;
				CLANG_CXX_LANGUAGE_STANDARD = "gnu++0x";
				CLANG_CXX_LIBRARY = "libc++";
				CLANG_ENABLE_MODULES = YES;
				CLANG_ENABLE_OBJC_ARC = YES;
				CLANG_WARN_BOOL_CONVERSION = YES;
				CLANG_WARN_CONSTANT_CONVERSION = YES;
				CLANG_WARN_DIRECT_OBJC_ISA_USAGE = YES_ERROR;
				CLANG_WARN_EMPTY_BODY = YES;
				CLANG_WARN_ENUM_CONVERSION = YES;
				CLANG_WARN_INT_CONVERSION = YES;
				CLANG_WARN_OBJC_ROOT_CLASS = YES_ERROR;
				CLANG_WARN__DUPLICATE_METHOD_MATCH = YES;
				COPY_PHASE_STRIP = YES;
				DEBUG_INFORMATION_FORMAT = "dwarf-with-dsym";
				ENABLE_NS_ASSERTIONS = NO;
				GCC_C_LANGUAGE_STANDARD = gnu99;
				GCC_ENABLE_OBJC_EXCEPTIONS = YES;
				GCC_WARN_64_TO_32_BIT_CONVERSION = YES;
				GCC_WARN_ABOUT_RETURN_TYPE = YES_ERROR;
				GCC_WARN_UNDECLARED_SELECTOR = YES;
				GCC_WARN_UNINITIALIZED_AUTOS = YES_AGGRESSIVE;
				GCC_WARN_UNUSED_FUNCTION = YES;
				GCC_WARN_UNUSED_VARIABLE = YES;
				MACOSX_DEPLOYMENT_TARGET = 10.9;
				SDKROOT = macosx;
			};
			name = Release;
		};
		123F3DF519A26D8600441B9C /* Debug */ = {
			isa = XCBuildConfiguration;
			buildSettings = {
				ASSETCATALOG_COMPILER_APPICON_NAME = AppIcon;
				COMBINE_HIDPI_IMAGES = YES;
				GCC_PRECOMPILE_PREFIX_HEADER = YES;
				GCC_PREFIX_HEADER = "MoviePlex/MoviePlex-Prefix.pch";
				INFOPLIST_FILE = "MoviePlex/MoviePlex-Info.plist";
				PRODUCT_BUNDLE_IDENTIFIER = "JBF.${PRODUCT_NAME:rfc1034identifier}";
				PRODUCT_NAME = MoviePlex;
				WRAPPER_EXTENSION = app;
			};
			name = Debug;
		};
		123F3DF619A26D8600441B9C /* Release */ = {
			isa = XCBuildConfiguration;
			buildSettings = {
				ASSETCATALOG_COMPILER_APPICON_NAME = AppIcon;
				COMBINE_HIDPI_IMAGES = YES;
				GCC_PRECOMPILE_PREFIX_HEADER = YES;
				GCC_PREFIX_HEADER = "MoviePlex/MoviePlex-Prefix.pch";
				INFOPLIST_FILE = "MoviePlex/MoviePlex-Info.plist";
				PRODUCT_BUNDLE_IDENTIFIER = "JBF.${PRODUCT_NAME:rfc1034identifier}";
				PRODUCT_NAME = MoviePlex;
				WRAPPER_EXTENSION = app;
			};
			name = Release;
		};
		123F3DF819A26D8600441B9C /* Debug */ = {
			isa = XCBuildConfiguration;
			buildSettings = {
				BUNDLE_LOADER = "$(BUILT_PRODUCTS_DIR)/MoviePlex.app/Contents/MacOS/MoviePlex";
				COMBINE_HIDPI_IMAGES = YES;
				FRAMEWORK_SEARCH_PATHS = (
					"$(DEVELOPER_FRAMEWORKS_DIR)",
					"$(inherited)",
				);
				GCC_PRECOMPILE_PREFIX_HEADER = YES;
				GCC_PREFIX_HEADER = "MoviePlex/MoviePlex-Prefix.pch";
				GCC_PREPROCESSOR_DEFINITIONS = (
					"DEBUG=1",
					"$(inherited)",
				);
				INFOPLIST_FILE = "MoviePlexTests/MoviePlexTests-Info.plist";
				PRODUCT_NAME = MoviePlex;
				TEST_HOST = "$(BUNDLE_LOADER)";
				WRAPPER_EXTENSION = xctest;
			};
			name = Debug;
		};
		123F3DF919A26D8600441B9C /* Release */ = {
			isa = XCBuildConfiguration;
			buildSettings = {
				BUNDLE_LOADER = "$(BUILT_PRODUCTS_DIR)/MoviePlex.app/Contents/MacOS/MoviePlex";
				COMBINE_HIDPI_IMAGES = YES;
				FRAMEWORK_SEARCH_PATHS = (
					"$(DEVELOPER_FRAMEWORKS_DIR)",
					"$(inherited)",
				);
				GCC_PRECOMPILE_PREFIX_HEADER = YES;
				GCC_PREFIX_HEADER = "MoviePlex/MoviePlex-Prefix.pch";
				INFOPLIST_FILE = "MoviePlexTests/MoviePlexTests-Info.plist";
				PRODUCT_NAME = MoviePlex;
				TEST_HOST = "$(BUNDLE_LOADER)";
				WRAPPER_EXTENSION = xctest;
			};
			name = Release;
		};
/* End XCBuildConfiguration section */

/* Begin XCConfigurationList section */
		123F3DBE19A26D8600441B9C /* Build configuration list for PBXProject "MoviePlex" */ = {
			isa = XCConfigurationList;
			buildConfigurations = (
				123F3DF219A26D8600441B9C /* Debug */,
				123F3DF319A26D8600441B9C /* Release */,
			);
			defaultConfigurationIsVisible = 0;
			defaultConfigurationName = Release;
		};
		123F3DF419A26D8600441B9C /* Build configuration list for PBXNativeTarget "MoviePlex" */ = {
			isa = XCConfigurationList;
			buildConfigurations = (
				123F3DF519A26D8600441B9C /* Debug */,
				123F3DF619A26D8600441B9C /* Release */,
			);
			defaultConfigurationIsVisible = 0;
			defaultConfigurationName = Release;
		};
		123F3DF719A26D8600441B9C /* Build configuration list for PBXNativeTarget "MoviePlexTests" */ = {
			isa = XCConfigurationList;
			buildConfigurations = (
				123F3DF819A26D8600441B9C /* Debug */,
				123F3DF919A26D8600441B9C /* Release */,
			);
			defaultConfigurationIsVisible = 0;
			defaultConfigurationName = Release;
		};
/* End XCConfigurationList section */
	};
	rootObject = 123F3DBB19A26D8600441B9C /* Project object */;
}
