// !$*UTF8*$!
{
	archiveVersion = 1;
	classes = {
	};
	objectVersion = 46;
	objects = {

/* Begin PBXBuildFile section */
		128814321A1E7C0C004AC2C8 /* main.m in Sources */ = {isa = PBXBuildFile; fileRef = 128814311A1E7C0C004AC2C8 /* main.m */; };
		128814351A1E7C0C004AC2C8 /* AppDelegate.m in Sources */ = {isa = PBXBuildFile; fileRef = 128814341A1E7C0C004AC2C8 /* AppDelegate.m */; };
		1288143D1A1E7C0C004AC2C8 /* Images.xcassets in Resources */ = {isa = PBXBuildFile; fileRef = 1288143C1A1E7C0C004AC2C8 /* Images.xcassets */; };
		128814401A1E7C0C004AC2C8 /* LaunchScreen.xib in Resources */ = {isa = PBXBuildFile; fileRef = 1288143E1A1E7C0C004AC2C8 /* LaunchScreen.xib */; };
		1288144C1A1E7C0C004AC2C8 /* UW_HW7_jfryTests.m in Sources */ = {isa = PBXBuildFile; fileRef = 1288144B1A1E7C0C004AC2C8 /* UW_HW7_jfryTests.m */; };
		128814571A1E7DBD004AC2C8 /* MyCredentialsTableViewController.m in Sources */ = {isa = PBXBuildFile; fileRef = 128814561A1E7DBD004AC2C8 /* MyCredentialsTableViewController.m */; };
		1288145A1A1E7E04004AC2C8 /* EditCredientialViewController.m in Sources */ = {isa = PBXBuildFile; fileRef = 128814591A1E7E04004AC2C8 /* EditCredientialViewController.m */; };
		1288145D1A1E810D004AC2C8 /* Main.storyboard in Resources */ = {isa = PBXBuildFile; fileRef = 1288145B1A1E810D004AC2C8 /* Main.storyboard */; };
		128814631A1EA21A004AC2C8 /* CredentialTableViewCell.m in Sources */ = {isa = PBXBuildFile; fileRef = 128814621A1EA21A004AC2C8 /* CredentialTableViewCell.m */; };
/* End PBXBuildFile section */

/* Begin PBXContainerItemProxy section */
		128814461A1E7C0C004AC2C8 /* PBXContainerItemProxy */ = {
			isa = PBXContainerItemProxy;
			containerPortal = 128814241A1E7C0C004AC2C8 /* Project object */;
			proxyType = 1;
			remoteGlobalIDString = 1288142B1A1E7C0C004AC2C8;
			remoteInfo = UW_HW7_jfry;
		};
/* End PBXContainerItemProxy section */

/* Begin PBXFileReference section */
		1288142C1A1E7C0C004AC2C8 /* UW_HW7_jfry.app */ = {isa = PBXFileReference; explicitFileType = wrapper.application; includeInIndex = 0; path = UW_HW7_jfry.app; sourceTree = BUILT_PRODUCTS_DIR; };
		128814301A1E7C0C004AC2C8 /* Info.plist */ = {isa = PBXFileReference; lastKnownFileType = text.plist.xml; path = Info.plist; sourceTree = "<group>"; };
		128814311A1E7C0C004AC2C8 /* main.m */ = {isa = PBXFileReference; lastKnownFileType = sourcecode.c.objc; path = main.m; sourceTree = "<group>"; };
		128814331A1E7C0C004AC2C8 /* AppDelegate.h */ = {isa = PBXFileReference; lastKnownFileType = sourcecode.c.h; path = AppDelegate.h; sourceTree = "<group>"; };
		128814341A1E7C0C004AC2C8 /* AppDelegate.m */ = {isa = PBXFileReference; lastKnownFileType = sourcecode.c.objc; path = AppDelegate.m; sourceTree = "<group>"; };
		1288143C1A1E7C0C004AC2C8 /* Images.xcassets */ = {isa = PBXFileReference; lastKnownFileType = folder.assetcatalog; path = Images.xcassets; sourceTree = "<group>"; };
		1288143F1A1E7C0C004AC2C8 /* Base */ = {isa = PBXFileReference; lastKnownFileType = file.xib; name = Base; path = Base.lproj/LaunchScreen.xib; sourceTree = "<group>"; };
		128814451A1E7C0C004AC2C8 /* UW_HW7_jfryTests.xctest */ = {isa = PBXFileReference; explicitFileType = wrapper.cfbundle; includeInIndex = 0; path = UW_HW7_jfryTests.xctest; sourceTree = BUILT_PRODUCTS_DIR; };
		1288144A1A1E7C0C004AC2C8 /* Info.plist */ = {isa = PBXFileReference; lastKnownFileType = text.plist.xml; path = Info.plist; sourceTree = "<group>"; };
		1288144B1A1E7C0C004AC2C8 /* UW_HW7_jfryTests.m */ = {isa = PBXFileReference; lastKnownFileType = sourcecode.c.objc; path = UW_HW7_jfryTests.m; sourceTree = "<group>"; };
		128814551A1E7DBD004AC2C8 /* MyCredentialsTableViewController.h */ = {isa = PBXFileReference; fileEncoding = 4; lastKnownFileType = sourcecode.c.h; path = MyCredentialsTableViewController.h; sourceTree = "<group>"; };
		128814561A1E7DBD004AC2C8 /* MyCredentialsTableViewController.m */ = {isa = PBXFileReference; fileEncoding = 4; lastKnownFileType = sourcecode.c.objc; path = MyCredentialsTableViewController.m; sourceTree = "<group>"; };
		128814581A1E7E04004AC2C8 /* EditCredientialViewController.h */ = {isa = PBXFileReference; fileEncoding = 4; lastKnownFileType = sourcecode.c.h; path = EditCredientialViewController.h; sourceTree = "<group>"; };
		128814591A1E7E04004AC2C8 /* EditCredientialViewController.m */ = {isa = PBXFileReference; fileEncoding = 4; lastKnownFileType = sourcecode.c.objc; path = EditCredientialViewController.m; sourceTree = "<group>"; };
		1288145C1A1E810D004AC2C8 /* Base */ = {isa = PBXFileReference; lastKnownFileType = file.storyboard; name = Base; path = Base.lproj/Main.storyboard; sourceTree = "<group>"; };
		128814611A1EA21A004AC2C8 /* CredentialTableViewCell.h */ = {isa = PBXFileReference; fileEncoding = 4; lastKnownFileType = sourcecode.c.h; path = CredentialTableViewCell.h; sourceTree = "<group>"; };
		128814621A1EA21A004AC2C8 /* CredentialTableViewCell.m */ = {isa = PBXFileReference; fileEncoding = 4; lastKnownFileType = sourcecode.c.objc; path = CredentialTableViewCell.m; sourceTree = "<group>"; };
/* End PBXFileReference section */

/* Begin PBXFrameworksBuildPhase section */
		128814291A1E7C0C004AC2C8 /* Frameworks */ = {
			isa = PBXFrameworksBuildPhase;
			buildActionMask = 2147483647;
			files = (
			);
			runOnlyForDeploymentPostprocessing = 0;
		};
		128814421A1E7C0C004AC2C8 /* Frameworks */ = {
			isa = PBXFrameworksBuildPhase;
			buildActionMask = 2147483647;
			files = (
			);
			runOnlyForDeploymentPostprocessing = 0;
		};
/* End PBXFrameworksBuildPhase section */

/* Begin PBXGroup section */
		128814231A1E7C0C004AC2C8 = {
			isa = PBXGroup;
			children = (
				1288142E1A1E7C0C004AC2C8 /* UW_HW7_jfry */,
				128814481A1E7C0C004AC2C8 /* UW_HW7_jfryTests */,
				1288142D1A1E7C0C004AC2C8 /* Products */,
			);
			sourceTree = "<group>";
		};
		1288142D1A1E7C0C004AC2C8 /* Products */ = {
			isa = PBXGroup;
			children = (
				1288142C1A1E7C0C004AC2C8 /* UW_HW7_jfry.app */,
				128814451A1E7C0C004AC2C8 /* UW_HW7_jfryTests.xctest */,
			);
			name = Products;
			sourceTree = "<group>";
		};
		1288142E1A1E7C0C004AC2C8 /* UW_HW7_jfry */ = {
			isa = PBXGroup;
			children = (
				128814331A1E7C0C004AC2C8 /* AppDelegate.h */,
				128814341A1E7C0C004AC2C8 /* AppDelegate.m */,
				128814551A1E7DBD004AC2C8 /* MyCredentialsTableViewController.h */,
				128814561A1E7DBD004AC2C8 /* MyCredentialsTableViewController.m */,
				128814611A1EA21A004AC2C8 /* CredentialTableViewCell.h */,
				128814621A1EA21A004AC2C8 /* CredentialTableViewCell.m */,
				128814581A1E7E04004AC2C8 /* EditCredientialViewController.h */,
				128814591A1E7E04004AC2C8 /* EditCredientialViewController.m */,
				1288143C1A1E7C0C004AC2C8 /* Images.xcassets */,
				1288143E1A1E7C0C004AC2C8 /* LaunchScreen.xib */,
				1288145B1A1E810D004AC2C8 /* Main.storyboard */,
				1288142F1A1E7C0C004AC2C8 /* Supporting Files */,
			);
			path = UW_HW7_jfry;
			sourceTree = "<group>";
		};
		1288142F1A1E7C0C004AC2C8 /* Supporting Files */ = {
			isa = PBXGroup;
			children = (
				128814301A1E7C0C004AC2C8 /* Info.plist */,
				128814311A1E7C0C004AC2C8 /* main.m */,
			);
			name = "Supporting Files";
			sourceTree = "<group>";
		};
		128814481A1E7C0C004AC2C8 /* UW_HW7_jfryTests */ = {
			isa = PBXGroup;
			children = (
				1288144B1A1E7C0C004AC2C8 /* UW_HW7_jfryTests.m */,
				128814491A1E7C0C004AC2C8 /* Supporting Files */,
			);
			path = UW_HW7_jfryTests;
			sourceTree = "<group>";
		};
		128814491A1E7C0C004AC2C8 /* Supporting Files */ = {
			isa = PBXGroup;
			children = (
				1288144A1A1E7C0C004AC2C8 /* Info.plist */,
			);
			name = "Supporting Files";
			sourceTree = "<group>";
		};
/* End PBXGroup section */

/* Begin PBXNativeTarget section */
		1288142B1A1E7C0C004AC2C8 /* UW_HW7_jfry */ = {
			isa = PBXNativeTarget;
			buildConfigurationList = 1288144F1A1E7C0C004AC2C8 /* Build configuration list for PBXNativeTarget "UW_HW7_jfry" */;
			buildPhases = (
				128814281A1E7C0C004AC2C8 /* Sources */,
				128814291A1E7C0C004AC2C8 /* Frameworks */,
				1288142A1A1E7C0C004AC2C8 /* Resources */,
			);
			buildRules = (
			);
			dependencies = (
			);
			name = UW_HW7_jfry;
			productName = UW_HW7_jfry;
			productReference = 1288142C1A1E7C0C004AC2C8 /* UW_HW7_jfry.app */;
			productType = "com.apple.product-type.application";
		};
		128814441A1E7C0C004AC2C8 /* UW_HW7_jfryTests */ = {
			isa = PBXNativeTarget;
			buildConfigurationList = 128814521A1E7C0C004AC2C8 /* Build configuration list for PBXNativeTarget "UW_HW7_jfryTests" */;
			buildPhases = (
				128814411A1E7C0C004AC2C8 /* Sources */,
				128814421A1E7C0C004AC2C8 /* Frameworks */,
				128814431A1E7C0C004AC2C8 /* Resources */,
			);
			buildRules = (
			);
			dependencies = (
				128814471A1E7C0C004AC2C8 /* PBXTargetDependency */,
			);
			name = UW_HW7_jfryTests;
			productName = UW_HW7_jfryTests;
			productReference = 128814451A1E7C0C004AC2C8 /* UW_HW7_jfryTests.xctest */;
			productType = "com.apple.product-type.bundle.unit-test";
		};
/* End PBXNativeTarget section */

/* Begin PBXProject section */
		128814241A1E7C0C004AC2C8 /* Project object */ = {
			isa = PBXProject;
			attributes = {
				LastUpgradeCheck = 0610;
				ORGANIZATIONNAME = Jeff_Fry;
				TargetAttributes = {
					1288142B1A1E7C0C004AC2C8 = {
						CreatedOnToolsVersion = 6.1;
					};
					128814441A1E7C0C004AC2C8 = {
						CreatedOnToolsVersion = 6.1;
						TestTargetID = 1288142B1A1E7C0C004AC2C8;
					};
				};
			};
			buildConfigurationList = 128814271A1E7C0C004AC2C8 /* Build configuration list for PBXProject "UW_HW7_jfry" */;
			compatibilityVersion = "Xcode 3.2";
			developmentRegion = English;
			hasScannedForEncodings = 0;
			knownRegions = (
				en,
				Base,
			);
			mainGroup = 128814231A1E7C0C004AC2C8;
			productRefGroup = 1288142D1A1E7C0C004AC2C8 /* Products */;
			projectDirPath = "";
			projectRoot = "";
			targets = (
				1288142B1A1E7C0C004AC2C8 /* UW_HW7_jfry */,
				128814441A1E7C0C004AC2C8 /* UW_HW7_jfryTests */,
			);
		};
/* End PBXProject section */

/* Begin PBXResourcesBuildPhase section */
		1288142A1A1E7C0C004AC2C8 /* Resources */ = {
			isa = PBXResourcesBuildPhase;
			buildActionMask = 2147483647;
			files = (
				1288145D1A1E810D004AC2C8 /* Main.storyboard in Resources */,
				128814401A1E7C0C004AC2C8 /* LaunchScreen.xib in Resources */,
				1288143D1A1E7C0C004AC2C8 /* Images.xcassets in Resources */,
			);
			runOnlyForDeploymentPostprocessing = 0;
		};
		128814431A1E7C0C004AC2C8 /* Resources */ = {
			isa = PBXResourcesBuildPhase;
			buildActionMask = 2147483647;
			files = (
			);
			runOnlyForDeploymentPostprocessing = 0;
		};
/* End PBXResourcesBuildPhase section */

/* Begin PBXSourcesBuildPhase section */
		128814281A1E7C0C004AC2C8 /* Sources */ = {
			isa = PBXSourcesBuildPhase;
			buildActionMask = 2147483647;
			files = (
				128814351A1E7C0C004AC2C8 /* AppDelegate.m in Sources */,
				128814631A1EA21A004AC2C8 /* CredentialTableViewCell.m in Sources */,
				128814321A1E7C0C004AC2C8 /* main.m in Sources */,
				128814571A1E7DBD004AC2C8 /* MyCredentialsTableViewController.m in Sources */,
				1288145A1A1E7E04004AC2C8 /* EditCredientialViewController.m in Sources */,
			);
			runOnlyForDeploymentPostprocessing = 0;
		};
		128814411A1E7C0C004AC2C8 /* Sources */ = {
			isa = PBXSourcesBuildPhase;
			buildActionMask = 2147483647;
			files = (
				1288144C1A1E7C0C004AC2C8 /* UW_HW7_jfryTests.m in Sources */,
			);
			runOnlyForDeploymentPostprocessing = 0;
		};
/* End PBXSourcesBuildPhase section */

/* Begin PBXTargetDependency section */
		128814471A1E7C0C004AC2C8 /* PBXTargetDependency */ = {
			isa = PBXTargetDependency;
			target = 1288142B1A1E7C0C004AC2C8 /* UW_HW7_jfry */;
			targetProxy = 128814461A1E7C0C004AC2C8 /* PBXContainerItemProxy */;
		};
/* End PBXTargetDependency section */

/* Begin PBXVariantGroup section */
		1288143E1A1E7C0C004AC2C8 /* LaunchScreen.xib */ = {
			isa = PBXVariantGroup;
			children = (
				1288143F1A1E7C0C004AC2C8 /* Base */,
			);
			name = LaunchScreen.xib;
			sourceTree = "<group>";
		};
		1288145B1A1E810D004AC2C8 /* Main.storyboard */ = {
			isa = PBXVariantGroup;
			children = (
				1288145C1A1E810D004AC2C8 /* Base */,
			);
			name = Main.storyboard;
			sourceTree = "<group>";
		};
/* End PBXVariantGroup section */

/* Begin XCBuildConfiguration section */
		1288144D1A1E7C0C004AC2C8 /* Debug */ = {
			isa = XCBuildConfiguration;
			buildSettings = {
				ALWAYS_SEARCH_USER_PATHS = NO;
				CLANG_CXX_LANGUAGE_STANDARD = "gnu++0x";
				CLANG_CXX_LIBRARY = "libc++";
				CLANG_ENABLE_MODULES = YES;
				CLANG_ENABLE_OBJC_ARC = YES;
				CLANG_WARN_BOOL_CONVERSION = YES;
				CLANG_WARN_CONSTANT_CONVERSION = YES;
				CLANG_WARN_DIRECT_OBJC_ISA_USAGE = YES_ERROR;
				CLANG_WARN_EMPTY_BODY = YES;
				CLANG_WARN_ENUM_CONVERSION = YES;
				CLANG_WARN_INT_CONVERSION = YES;
				CLANG_WARN_OBJC_ROOT_CLASS = YES_ERROR;
				CLANG_WARN_UNREACHABLE_CODE = YES;
				CLANG_WARN__DUPLICATE_METHOD_MATCH = YES;
				"CODE_SIGN_IDENTITY[sdk=iphoneos*]" = "iPhone Developer";
				COPY_PHASE_STRIP = NO;
				ENABLE_STRICT_OBJC_MSGSEND = YES;
				GCC_C_LANGUAGE_STANDARD = gnu99;
				GCC_DYNAMIC_NO_PIC = NO;
				GCC_OPTIMIZATION_LEVEL = 0;
				GCC_PREPROCESSOR_DEFINITIONS = (
					"DEBUG=1",
					"$(inherited)",
				);
				GCC_SYMBOLS_PRIVATE_EXTERN = NO;
				GCC_WARN_64_TO_32_BIT_CONVERSION = YES;
				GCC_WARN_ABOUT_RETURN_TYPE = YES_ERROR;
				GCC_WARN_UNDECLARED_SELECTOR = YES;
				GCC_WARN_UNINITIALIZED_AUTOS = YES_AGGRESSIVE;
				GCC_WARN_UNUSED_FUNCTION = YES;
				GCC_WARN_UNUSED_VARIABLE = YES;
				IPHONEOS_DEPLOYMENT_TARGET = 8.1;
				MTL_ENABLE_DEBUG_INFO = YES;
				ONLY_ACTIVE_ARCH = YES;
				SDKROOT = iphoneos;
				TARGETED_DEVICE_FAMILY = "1,2";
			};
			name = Debug;
		};
		1288144E1A1E7C0C004AC2C8 /* Release */ = {
			isa = XCBuildConfiguration;
			buildSettings = {
				ALWAYS_SEARCH_USER_PATHS = NO;
				CLANG_CXX_LANGUAGE_STANDARD = "gnu++0x";
				CLANG_CXX_LIBRARY = "libc++";
				CLANG_ENABLE_MODULES = YES;
				CLANG_ENABLE_OBJC_ARC = YES;
				CLANG_WARN_BOOL_CONVERSION = YES;
				CLANG_WARN_CONSTANT_CONVERSION = YES;
				CLANG_WARN_DIRECT_OBJC_ISA_USAGE = YES_ERROR;
				CLANG_WARN_EMPTY_BODY = YES;
				CLANG_WARN_ENUM_CONVERSION = YES;
				CLANG_WARN_INT_CONVERSION = YES;
				CLANG_WARN_OBJC_ROOT_CLASS = YES_ERROR;
				CLANG_WARN_UNREACHABLE_CODE = YES;
				CLANG_WARN__DUPLICATE_METHOD_MATCH = YES;
				"CODE_SIGN_IDENTITY[sdk=iphoneos*]" = "iPhone Developer";
				COPY_PHASE_STRIP = YES;
				ENABLE_NS_ASSERTIONS = NO;
				ENABLE_STRICT_OBJC_MSGSEND = YES;
				GCC_C_LANGUAGE_STANDARD = gnu99;
				GCC_WARN_64_TO_32_BIT_CONVERSION = YES;
				GCC_WARN_ABOUT_RETURN_TYPE = YES_ERROR;
				GCC_WARN_UNDECLARED_SELECTOR = YES;
				GCC_WARN_UNINITIALIZED_AUTOS = YES_AGGRESSIVE;
				GCC_WARN_UNUSED_FUNCTION = YES;
				GCC_WARN_UNUSED_VARIABLE = YES;
				IPHONEOS_DEPLOYMENT_TARGET = 8.1;
				MTL_ENABLE_DEBUG_INFO = NO;
				SDKROOT = iphoneos;
				TARGETED_DEVICE_FAMILY = "1,2";
				VALIDATE_PRODUCT = YES;
			};
			name = Release;
		};
		128814501A1E7C0C004AC2C8 /* Debug */ = {
			isa = XCBuildConfiguration;
			buildSettings = {
				ASSETCATALOG_COMPILER_APPICON_NAME = AppIcon;
				INFOPLIST_FILE = UW_HW7_jfry/Info.plist;
				LD_RUNPATH_SEARCH_PATHS = "$(inherited) @executable_path/Frameworks";
				PRODUCT_NAME = "$(TARGET_NAME)";
			};
			name = Debug;
		};
		128814511A1E7C0C004AC2C8 /* Release */ = {
			isa = XCBuildConfiguration;
			buildSettings = {
				ASSETCATALOG_COMPILER_APPICON_NAME = AppIcon;
				INFOPLIST_FILE = UW_HW7_jfry/Info.plist;
				LD_RUNPATH_SEARCH_PATHS = "$(inherited) @executable_path/Frameworks";
				PRODUCT_NAME = "$(TARGET_NAME)";
			};
			name = Release;
		};
		128814531A1E7C0C004AC2C8 /* Debug */ = {
			isa = XCBuildConfiguration;
			buildSettings = {
				BUNDLE_LOADER = "$(TEST_HOST)";
				FRAMEWORK_SEARCH_PATHS = (
					"$(SDKROOT)/Developer/Library/Frameworks",
					"$(inherited)",
				);
				GCC_PREPROCESSOR_DEFINITIONS = (
					"DEBUG=1",
					"$(inherited)",
				);
				INFOPLIST_FILE = UW_HW7_jfryTests/Info.plist;
				LD_RUNPATH_SEARCH_PATHS = "$(inherited) @executable_path/Frameworks @loader_path/Frameworks";
				PRODUCT_NAME = "$(TARGET_NAME)";
				TEST_HOST = "$(BUILT_PRODUCTS_DIR)/UW_HW7_jfry.app/UW_HW7_jfry";
			};
			name = Debug;
		};
		128814541A1E7C0C004AC2C8 /* Release */ = {
			isa = XCBuildConfiguration;
			buildSettings = {
				BUNDLE_LOADER = "$(TEST_HOST)";
				FRAMEWORK_SEARCH_PATHS = (
					"$(SDKROOT)/Developer/Library/Frameworks",
					"$(inherited)",
				);
				INFOPLIST_FILE = UW_HW7_jfryTests/Info.plist;
				LD_RUNPATH_SEARCH_PATHS = "$(inherited) @executable_path/Frameworks @loader_path/Frameworks";
				PRODUCT_NAME = "$(TARGET_NAME)";
				TEST_HOST = "$(BUILT_PRODUCTS_DIR)/UW_HW7_jfry.app/UW_HW7_jfry";
			};
			name = Release;
		};
/* End XCBuildConfiguration section */

/* Begin XCConfigurationList section */
		128814271A1E7C0C004AC2C8 /* Build configuration list for PBXProject "UW_HW7_jfry" */ = {
			isa = XCConfigurationList;
			buildConfigurations = (
				1288144D1A1E7C0C004AC2C8 /* Debug */,
				1288144E1A1E7C0C004AC2C8 /* Release */,
			);
			defaultConfigurationIsVisible = 0;
			defaultConfigurationName = Release;
		};
		1288144F1A1E7C0C004AC2C8 /* Build configuration list for PBXNativeTarget "UW_HW7_jfry" */ = {
			isa = XCConfigurationList;
			buildConfigurations = (
				128814501A1E7C0C004AC2C8 /* Debug */,
				128814511A1E7C0C004AC2C8 /* Release */,
			);
			defaultConfigurationIsVisible = 0;
		};
		128814521A1E7C0C004AC2C8 /* Build configuration list for PBXNativeTarget "UW_HW7_jfryTests" */ = {
			isa = XCConfigurationList;
			buildConfigurations = (
				128814531A1E7C0C004AC2C8 /* Debug */,
				128814541A1E7C0C004AC2C8 /* Release */,
			);
			defaultConfigurationIsVisible = 0;
		};
/* End XCConfigurationList section */
	};
	rootObject = 128814241A1E7C0C004AC2C8 /* Project object */;
}
